# This file is automatically @generated by Poetry 1.8.2 and should not be changed by hand.

[[package]]
name = "colorama"
version = "0.4.6"
description = "Cross-platform colored terminal text."
optional = false
python-versions = "!=3.0.*,!=3.1.*,!=3.2.*,!=3.3.*,!=3.4.*,!=3.5.*,!=3.6.*,>=2.7"
files = [
    {file = "colorama-0.4.6-py2.py3-none-any.whl", hash = "sha256:4f1d9991f5acc0ca119f9d443620b77f9d6b33703e51011c16baf57afb285fc6"},
    {file = "colorama-0.4.6.tar.gz", hash = "sha256:08695f5cb7ed6e0531a20572697297273c47b8cae5a63ffc6d6ed5c201be6e44"},
]

[[package]]
name = "colorlog"
version = "6.8.2"
description = "Add colours to the output of Python's logging module."
optional = false
python-versions = ">=3.6"
files = [
    {file = "colorlog-6.8.2-py3-none-any.whl", hash = "sha256:4dcbb62368e2800cb3c5abd348da7e53f6c362dda502ec27c560b2e58a66bd33"},
    {file = "colorlog-6.8.2.tar.gz", hash = "sha256:3e3e079a41feb5a1b64f978b5ea4f46040a94f11f0e8bbb8261e3dbbeca64d44"},
]

[package.dependencies]
colorama = {version = "*", markers = "sys_platform == \"win32\""}

[package.extras]
development = ["black", "flake8", "mypy", "pytest", "types-colorama"]

[[package]]
name = "coverage"
version = "7.2.7"
description = "Code coverage measurement for Python"
optional = false
python-versions = ">=3.7"
files = [
    {file = "coverage-7.2.7-cp310-cp310-macosx_10_9_x86_64.whl", hash = "sha256:d39b5b4f2a66ccae8b7263ac3c8170994b65266797fb96cbbfd3fb5b23921db8"},
    {file = "coverage-7.2.7-cp310-cp310-macosx_11_0_arm64.whl", hash = "sha256:6d040ef7c9859bb11dfeb056ff5b3872436e3b5e401817d87a31e1750b9ae2fb"},
    {file = "coverage-7.2.7-cp310-cp310-manylinux_2_17_aarch64.manylinux2014_aarch64.whl", hash = "sha256:ba90a9563ba44a72fda2e85302c3abc71c5589cea608ca16c22b9804262aaeb6"},
    {file = "coverage-7.2.7-cp310-cp310-manylinux_2_5_i686.manylinux1_i686.manylinux_2_17_i686.manylinux2014_i686.whl", hash = "sha256:e7d9405291c6928619403db1d10bd07888888ec1abcbd9748fdaa971d7d661b2"},
    {file = "coverage-7.2.7-cp310-cp310-manylinux_2_5_x86_64.manylinux1_x86_64.manylinux_2_17_x86_64.manylinux2014_x86_64.whl", hash = "sha256:31563e97dae5598556600466ad9beea39fb04e0229e61c12eaa206e0aa202063"},
    {file = "coverage-7.2.7-cp310-cp310-musllinux_1_1_aarch64.whl", hash = "sha256:ebba1cd308ef115925421d3e6a586e655ca5a77b5bf41e02eb0e4562a111f2d1"},
    {file = "coverage-7.2.7-cp310-cp310-musllinux_1_1_i686.whl", hash = "sha256:cb017fd1b2603ef59e374ba2063f593abe0fc45f2ad9abdde5b4d83bd922a353"},
    {file = "coverage-7.2.7-cp310-cp310-musllinux_1_1_x86_64.whl", hash = "sha256:d62a5c7dad11015c66fbb9d881bc4caa5b12f16292f857842d9d1871595f4495"},
    {file = "coverage-7.2.7-cp310-cp310-win32.whl", hash = "sha256:ee57190f24fba796e36bb6d3aa8a8783c643d8fa9760c89f7a98ab5455fbf818"},
    {file = "coverage-7.2.7-cp310-cp310-win_amd64.whl", hash = "sha256:f75f7168ab25dd93110c8a8117a22450c19976afbc44234cbf71481094c1b850"},
    {file = "coverage-7.2.7-cp311-cp311-macosx_10_9_x86_64.whl", hash = "sha256:06a9a2be0b5b576c3f18f1a241f0473575c4a26021b52b2a85263a00f034d51f"},
    {file = "coverage-7.2.7-cp311-cp311-macosx_11_0_arm64.whl", hash = "sha256:5baa06420f837184130752b7c5ea0808762083bf3487b5038d68b012e5937dbe"},
    {file = "coverage-7.2.7-cp311-cp311-manylinux_2_17_aarch64.manylinux2014_aarch64.whl", hash = "sha256:fdec9e8cbf13a5bf63290fc6013d216a4c7232efb51548594ca3631a7f13c3a3"},
    {file = "coverage-7.2.7-cp311-cp311-manylinux_2_5_i686.manylinux1_i686.manylinux_2_17_i686.manylinux2014_i686.whl", hash = "sha256:52edc1a60c0d34afa421c9c37078817b2e67a392cab17d97283b64c5833f427f"},
    {file = "coverage-7.2.7-cp311-cp311-manylinux_2_5_x86_64.manylinux1_x86_64.manylinux_2_17_x86_64.manylinux2014_x86_64.whl", hash = "sha256:63426706118b7f5cf6bb6c895dc215d8a418d5952544042c8a2d9fe87fcf09cb"},
    {file = "coverage-7.2.7-cp311-cp311-musllinux_1_1_aarch64.whl", hash = "sha256:afb17f84d56068a7c29f5fa37bfd38d5aba69e3304af08ee94da8ed5b0865833"},
    {file = "coverage-7.2.7-cp311-cp311-musllinux_1_1_i686.whl", hash = "sha256:48c19d2159d433ccc99e729ceae7d5293fbffa0bdb94952d3579983d1c8c9d97"},
    {file = "coverage-7.2.7-cp311-cp311-musllinux_1_1_x86_64.whl", hash = "sha256:0e1f928eaf5469c11e886fe0885ad2bf1ec606434e79842a879277895a50942a"},
    {file = "coverage-7.2.7-cp311-cp311-win32.whl", hash = "sha256:33d6d3ea29d5b3a1a632b3c4e4f4ecae24ef170b0b9ee493883f2df10039959a"},
    {file = "coverage-7.2.7-cp311-cp311-win_amd64.whl", hash = "sha256:5b7540161790b2f28143191f5f8ec02fb132660ff175b7747b95dcb77ac26562"},
    {file = "coverage-7.2.7-cp312-cp312-macosx_10_9_x86_64.whl", hash = "sha256:f2f67fe12b22cd130d34d0ef79206061bfb5eda52feb6ce0dba0644e20a03cf4"},
    {file = "coverage-7.2.7-cp312-cp312-manylinux_2_17_aarch64.manylinux2014_aarch64.whl", hash = "sha256:a342242fe22407f3c17f4b499276a02b01e80f861f1682ad1d95b04018e0c0d4"},
    {file = "coverage-7.2.7-cp312-cp312-manylinux_2_5_i686.manylinux1_i686.manylinux_2_17_i686.manylinux2014_i686.whl", hash = "sha256:171717c7cb6b453aebac9a2ef603699da237f341b38eebfee9be75d27dc38e01"},
    {file = "coverage-7.2.7-cp312-cp312-manylinux_2_5_x86_64.manylinux1_x86_64.manylinux_2_17_x86_64.manylinux2014_x86_64.whl", hash = "sha256:49969a9f7ffa086d973d91cec8d2e31080436ef0fb4a359cae927e742abfaaa6"},
    {file = "coverage-7.2.7-cp312-cp312-musllinux_1_1_aarch64.whl", hash = "sha256:b46517c02ccd08092f4fa99f24c3b83d8f92f739b4657b0f146246a0ca6a831d"},
    {file = "coverage-7.2.7-cp312-cp312-musllinux_1_1_i686.whl", hash = "sha256:a3d33a6b3eae87ceaefa91ffdc130b5e8536182cd6dfdbfc1aa56b46ff8c86de"},
    {file = "coverage-7.2.7-cp312-cp312-musllinux_1_1_x86_64.whl", hash = "sha256:976b9c42fb2a43ebf304fa7d4a310e5f16cc99992f33eced91ef6f908bd8f33d"},
    {file = "coverage-7.2.7-cp312-cp312-win32.whl", hash = "sha256:8de8bb0e5ad103888d65abef8bca41ab93721647590a3f740100cd65c3b00511"},
    {file = "coverage-7.2.7-cp312-cp312-win_amd64.whl", hash = "sha256:9e31cb64d7de6b6f09702bb27c02d1904b3aebfca610c12772452c4e6c21a0d3"},
    {file = "coverage-7.2.7-cp37-cp37m-macosx_10_9_x86_64.whl", hash = "sha256:58c2ccc2f00ecb51253cbe5d8d7122a34590fac9646a960d1430d5b15321d95f"},
    {file = "coverage-7.2.7-cp37-cp37m-manylinux_2_17_aarch64.manylinux2014_aarch64.whl", hash = "sha256:d22656368f0e6189e24722214ed8d66b8022db19d182927b9a248a2a8a2f67eb"},
    {file = "coverage-7.2.7-cp37-cp37m-manylinux_2_5_i686.manylinux1_i686.manylinux_2_17_i686.manylinux2014_i686.whl", hash = "sha256:a895fcc7b15c3fc72beb43cdcbdf0ddb7d2ebc959edac9cef390b0d14f39f8a9"},
    {file = "coverage-7.2.7-cp37-cp37m-manylinux_2_5_x86_64.manylinux1_x86_64.manylinux_2_17_x86_64.manylinux2014_x86_64.whl", hash = "sha256:e84606b74eb7de6ff581a7915e2dab7a28a0517fbe1c9239eb227e1354064dcd"},
    {file = "coverage-7.2.7-cp37-cp37m-musllinux_1_1_aarch64.whl", hash = "sha256:0a5f9e1dbd7fbe30196578ca36f3fba75376fb99888c395c5880b355e2875f8a"},
    {file = "coverage-7.2.7-cp37-cp37m-musllinux_1_1_i686.whl", hash = "sha256:419bfd2caae268623dd469eff96d510a920c90928b60f2073d79f8fe2bbc5959"},
    {file = "coverage-7.2.7-cp37-cp37m-musllinux_1_1_x86_64.whl", hash = "sha256:2aee274c46590717f38ae5e4650988d1af340fe06167546cc32fe2f58ed05b02"},
    {file = "coverage-7.2.7-cp37-cp37m-win32.whl", hash = "sha256:61b9a528fb348373c433e8966535074b802c7a5d7f23c4f421e6c6e2f1697a6f"},
    {file = "coverage-7.2.7-cp37-cp37m-win_amd64.whl", hash = "sha256:b1c546aca0ca4d028901d825015dc8e4d56aac4b541877690eb76490f1dc8ed0"},
    {file = "coverage-7.2.7-cp38-cp38-macosx_10_9_x86_64.whl", hash = "sha256:54b896376ab563bd38453cecb813c295cf347cf5906e8b41d340b0321a5433e5"},
    {file = "coverage-7.2.7-cp38-cp38-macosx_11_0_arm64.whl", hash = "sha256:3d376df58cc111dc8e21e3b6e24606b5bb5dee6024f46a5abca99124b2229ef5"},
    {file = "coverage-7.2.7-cp38-cp38-manylinux_2_17_aarch64.manylinux2014_aarch64.whl", hash = "sha256:5e330fc79bd7207e46c7d7fd2bb4af2963f5f635703925543a70b99574b0fea9"},
    {file = "coverage-7.2.7-cp38-cp38-manylinux_2_5_i686.manylinux1_i686.manylinux_2_17_i686.manylinux2014_i686.whl", hash = "sha256:1e9d683426464e4a252bf70c3498756055016f99ddaec3774bf368e76bbe02b6"},
    {file = "coverage-7.2.7-cp38-cp38-manylinux_2_5_x86_64.manylinux1_x86_64.manylinux_2_17_x86_64.manylinux2014_x86_64.whl", hash = "sha256:8d13c64ee2d33eccf7437961b6ea7ad8673e2be040b4f7fd4fd4d4d28d9ccb1e"},
    {file = "coverage-7.2.7-cp38-cp38-musllinux_1_1_aarch64.whl", hash = "sha256:b7aa5f8a41217360e600da646004f878250a0d6738bcdc11a0a39928d7dc2050"},
    {file = "coverage-7.2.7-cp38-cp38-musllinux_1_1_i686.whl", hash = "sha256:8fa03bce9bfbeeef9f3b160a8bed39a221d82308b4152b27d82d8daa7041fee5"},
    {file = "coverage-7.2.7-cp38-cp38-musllinux_1_1_x86_64.whl", hash = "sha256:245167dd26180ab4c91d5e1496a30be4cd721a5cf2abf52974f965f10f11419f"},
    {file = "coverage-7.2.7-cp38-cp38-win32.whl", hash = "sha256:d2c2db7fd82e9b72937969bceac4d6ca89660db0a0967614ce2481e81a0b771e"},
    {file = "coverage-7.2.7-cp38-cp38-win_amd64.whl", hash = "sha256:2e07b54284e381531c87f785f613b833569c14ecacdcb85d56b25c4622c16c3c"},
    {file = "coverage-7.2.7-cp39-cp39-macosx_10_9_x86_64.whl", hash = "sha256:537891ae8ce59ef63d0123f7ac9e2ae0fc8b72c7ccbe5296fec45fd68967b6c9"},
    {file = "coverage-7.2.7-cp39-cp39-macosx_11_0_arm64.whl", hash = "sha256:06fb182e69f33f6cd1d39a6c597294cff3143554b64b9825d1dc69d18cc2fff2"},
    {file = "coverage-7.2.7-cp39-cp39-manylinux_2_17_aarch64.manylinux2014_aarch64.whl", hash = "sha256:201e7389591af40950a6480bd9edfa8ed04346ff80002cec1a66cac4549c1ad7"},
    {file = "coverage-7.2.7-cp39-cp39-manylinux_2_5_i686.manylinux1_i686.manylinux_2_17_i686.manylinux2014_i686.whl", hash = "sha256:f6951407391b639504e3b3be51b7ba5f3528adbf1a8ac3302b687ecababf929e"},
    {file = "coverage-7.2.7-cp39-cp39-manylinux_2_5_x86_64.manylinux1_x86_64.manylinux_2_17_x86_64.manylinux2014_x86_64.whl", hash = "sha256:6f48351d66575f535669306aa7d6d6f71bc43372473b54a832222803eb956fd1"},
    {file = "coverage-7.2.7-cp39-cp39-musllinux_1_1_aarch64.whl", hash = "sha256:b29019c76039dc3c0fd815c41392a044ce555d9bcdd38b0fb60fb4cd8e475ba9"},
    {file = "coverage-7.2.7-cp39-cp39-musllinux_1_1_i686.whl", hash = "sha256:81c13a1fc7468c40f13420732805a4c38a105d89848b7c10af65a90beff25250"},
    {file = "coverage-7.2.7-cp39-cp39-musllinux_1_1_x86_64.whl", hash = "sha256:975d70ab7e3c80a3fe86001d8751f6778905ec723f5b110aed1e450da9d4b7f2"},
    {file = "coverage-7.2.7-cp39-cp39-win32.whl", hash = "sha256:7ee7d9d4822c8acc74a5e26c50604dff824710bc8de424904c0982e25c39c6cb"},
    {file = "coverage-7.2.7-cp39-cp39-win_amd64.whl", hash = "sha256:eb393e5ebc85245347950143969b241d08b52b88a3dc39479822e073a1a8eb27"},
    {file = "coverage-7.2.7-pp37.pp38.pp39-none-any.whl", hash = "sha256:b7b4c971f05e6ae490fef852c218b0e79d4e52f79ef0c8475566584a8fb3e01d"},
    {file = "coverage-7.2.7.tar.gz", hash = "sha256:924d94291ca674905fe9481f12294eb11f2d3d3fd1adb20314ba89e94f44ed59"},
]

[package.dependencies]
tomli = {version = "*", optional = true, markers = "python_full_version <= \"3.11.0a6\" and extra == \"toml\""}

[package.extras]
toml = ["tomli"]

[[package]]
name = "exceptiongroup"
version = "1.2.0"
description = "Backport of PEP 654 (exception groups)"
optional = false
python-versions = ">=3.7"
files = [
    {file = "exceptiongroup-1.2.0-py3-none-any.whl", hash = "sha256:4bfd3996ac73b41e9b9628b04e079f193850720ea5945fc96a08633c66912f14"},
    {file = "exceptiongroup-1.2.0.tar.gz", hash = "sha256:91f5c769735f051a4290d52edd0858999b57e5876e9f85937691bd4c9fa3ed68"},
]

[package.extras]
test = ["pytest (>=6)"]

[[package]]
name = "importlib-metadata"
version = "6.7.0"
description = "Read metadata from Python packages"
optional = false
python-versions = ">=3.7"
files = [
    {file = "importlib_metadata-6.7.0-py3-none-any.whl", hash = "sha256:cb52082e659e97afc5dac71e79de97d8681de3aa07ff18578330904a9d18e5b5"},
    {file = "importlib_metadata-6.7.0.tar.gz", hash = "sha256:1aaf550d4f73e5d6783e7acb77aec43d49da8017410afae93822cc9cca98c4d4"},
]

[package.dependencies]
typing-extensions = {version = ">=3.6.4", markers = "python_version < \"3.8\""}
zipp = ">=0.5"

[package.extras]
docs = ["furo", "jaraco.packaging (>=9)", "jaraco.tidelift (>=1.4)", "rst.linker (>=1.9)", "sphinx (>=3.5)", "sphinx-lint"]
perf = ["ipython"]
testing = ["flufl.flake8", "importlib-resources (>=1.3)", "packaging", "pyfakefs", "pytest (>=6)", "pytest-black (>=0.3.7)", "pytest-checkdocs (>=2.4)", "pytest-cov", "pytest-enabler (>=1.3)", "pytest-mypy (>=0.9.1)", "pytest-perf (>=0.9.2)", "pytest-ruff"]

[[package]]
name = "iniconfig"
version = "2.0.0"
description = "brain-dead simple config-ini parsing"
optional = false
python-versions = ">=3.7"
files = [
    {file = "iniconfig-2.0.0-py3-none-any.whl", hash = "sha256:b6a85871a79d2e3b22d2d1b94ac2824226a63c6b741c88f7ae975f18b6778374"},
    {file = "iniconfig-2.0.0.tar.gz", hash = "sha256:2d91e135bf72d31a410b17c16da610a82cb55f6b0477d1a902134b24a455b8b3"},
]

[[package]]
name = "json-stream"
version = "2.3.2"
description = "Streaming JSON encoder and decoder"
optional = false
python-versions = "<4,>=3.5"
files = [
    {file = "json-stream-2.3.2.tar.gz", hash = "sha256:b8b450ea8e8e3c239e9e7e38d12fed934e77a353c14b297f8ee345a5ceb25b91"},
    {file = "json_stream-2.3.2-py3-none-any.whl", hash = "sha256:236b8e08e2761b209816452a3527355e757913d833e6802b68a034a13b8bd3ac"},
]

[package.dependencies]
json-stream-rs-tokenizer = ">=0.4.17"

[package.extras]
httpx = ["httpx"]
requests = ["requests"]

[[package]]
name = "json-stream-rs-tokenizer"
version = "0.4.26"
description = "A faster tokenizer for the json-stream Python library"
optional = false
python-versions = ">=3.7,<4"
files = [
    {file = "json-stream-rs-tokenizer-0.4.26.tar.gz", hash = "sha256:19333ccda9121b1224598d67178665f77e142862800cb1edd7797a62936f7a1c"},
    {file = "json_stream_rs_tokenizer-0.4.26-cp310-cp310-macosx_10_9_x86_64.whl", hash = "sha256:386089a087b7ed950546557676f72f7f698bc3d10f31f50ad9cffbd7fab506bc"},
    {file = "json_stream_rs_tokenizer-0.4.26-cp310-cp310-macosx_11_0_arm64.whl", hash = "sha256:d81cd53d2367d03417b6a1e83f248f7a6ff8aed62d5b4ca095f1a71cbd41fa19"},
    {file = "json_stream_rs_tokenizer-0.4.26-cp310-cp310-manylinux_2_17_aarch64.manylinux2014_aarch64.whl", hash = "sha256:9b9e12f234993b2759dd20fb1f1792c7276cb599c0f43f65616b2d51c3d13206"},
    {file = "json_stream_rs_tokenizer-0.4.26-cp310-cp310-manylinux_2_17_x86_64.manylinux2014_x86_64.whl", hash = "sha256:b33140892507ee6bbba33b67db27a2f4f587c4a0d0aefc94e32c8e87ae640303"},
    {file = "json_stream_rs_tokenizer-0.4.26-cp310-cp310-manylinux_2_5_i686.manylinux1_i686.manylinux_2_17_i686.manylinux2014_i686.whl", hash = "sha256:f9799cc5d955791d999e660929d01f9a22d174025a2be2df50ddfe453a685ad5"},
    {file = "json_stream_rs_tokenizer-0.4.26-cp310-cp310-musllinux_1_1_aarch64.whl", hash = "sha256:525e2ea12fc1a8522a5dd4c98d6784e758cba46861de689acf160f650248624e"},
    {file = "json_stream_rs_tokenizer-0.4.26-cp310-cp310-win32.whl", hash = "sha256:b7857ca3d7efba0a43be1164b8fc330db8727683d64010700686f985b63f5d33"},
    {file = "json_stream_rs_tokenizer-0.4.26-cp310-cp310-win_amd64.whl", hash = "sha256:48824ee03c7fd569c076154a70c910aa986bb583870ef01b6defa82a60493bab"},
    {file = "json_stream_rs_tokenizer-0.4.26-cp311-cp311-macosx_10_9_x86_64.whl", hash = "sha256:42e3a6fa214ea21e30b7eabe78ab694ac1452f1ed8ee806d7ede56bb8eb4e364"},
    {file = "json_stream_rs_tokenizer-0.4.26-cp311-cp311-macosx_11_0_arm64.whl", hash = "sha256:49cbdbe008aa79da7a3bcb0d5d2a7c85dc76842c7d2988dcdb68c760416a6fa2"},
    {file = "json_stream_rs_tokenizer-0.4.26-cp311-cp311-manylinux_2_17_aarch64.manylinux2014_aarch64.whl", hash = "sha256:4436e1d6a90906afb510358b60eb15391897edf24afe2dab3934deb701aadaf0"},
    {file = "json_stream_rs_tokenizer-0.4.26-cp311-cp311-manylinux_2_17_x86_64.manylinux2014_x86_64.whl", hash = "sha256:05992fa1d5d9bcf247f42112c52f399a507a03d307fa73b2146ba6b0532bffab"},
    {file = "json_stream_rs_tokenizer-0.4.26-cp311-cp311-manylinux_2_5_i686.manylinux1_i686.manylinux_2_17_i686.manylinux2014_i686.whl", hash = "sha256:8c38dfea5e5d495f8cf70d7dedd1c354ca53d400f3792ebe040d9fdd2d492d38"},
    {file = "json_stream_rs_tokenizer-0.4.26-cp311-cp311-musllinux_1_1_aarch64.whl", hash = "sha256:468eec40d407c031b6468d8602c4a467bd302b61cd3603fd94bf20445ed822de"},
    {file = "json_stream_rs_tokenizer-0.4.26-cp311-cp311-win32.whl", hash = "sha256:3ad1c8f4fa4856a921d12ee3c3d338b8ad8409dbca8f47fb5a9f95515bfd8b71"},
    {file = "json_stream_rs_tokenizer-0.4.26-cp311-cp311-win_amd64.whl", hash = "sha256:52ae28491500b730664caff2c0ef8acd6c902913019109e528a88661b22fd3f7"},
    {file = "json_stream_rs_tokenizer-0.4.26-cp312-cp312-macosx_10_9_x86_64.whl", hash = "sha256:5b9f1f61ad4cc1f8a7c0715d5ab095555699734082231d907f3acb7d1bb6bfaf"},
    {file = "json_stream_rs_tokenizer-0.4.26-cp312-cp312-macosx_11_0_arm64.whl", hash = "sha256:79d20bf715ce506b174596a5d9a50682f2c0cc93ec9acec06872860820de6918"},
    {file = "json_stream_rs_tokenizer-0.4.26-cp312-cp312-manylinux_2_17_aarch64.manylinux2014_aarch64.whl", hash = "sha256:de36a262305dcf1dca0786047369720b3b628b3484d98428a89cbcc8fe6a88f6"},
    {file = "json_stream_rs_tokenizer-0.4.26-cp312-cp312-manylinux_2_17_x86_64.manylinux2014_x86_64.whl", hash = "sha256:2bf3fd93d9e26906436ad5df4197d5a6ea3bdf36b3917c8507a80e4430e4c768"},
    {file = "json_stream_rs_tokenizer-0.4.26-cp312-cp312-manylinux_2_5_i686.manylinux1_i686.manylinux_2_17_i686.manylinux2014_i686.whl", hash = "sha256:9af9f62d2f765be4cd02973390e604cf8ef64527b6123f0dde22f2b760f35b4b"},
    {file = "json_stream_rs_tokenizer-0.4.26-cp312-cp312-musllinux_1_1_aarch64.whl", hash = "sha256:9c3e35c1ab59461d338b18dbc24ecec477a3b2b16380d738ad8b6566da57fa91"},
    {file = "json_stream_rs_tokenizer-0.4.26-cp312-cp312-win32.whl", hash = "sha256:0413f8cdffdb00f58dede2488daf9b7b6e388aff9204c16aaacdf45cf857d839"},
    {file = "json_stream_rs_tokenizer-0.4.26-cp312-cp312-win_amd64.whl", hash = "sha256:9d946e880ef7d8963ecf54077fb1606fda51a631b69b6613cfb01487930781d2"},
    {file = "json_stream_rs_tokenizer-0.4.26-cp37-cp37m-macosx_10_9_x86_64.whl", hash = "sha256:a2277c85bb06775aa53fb3918282551c286e5ee76280bdec007eeae62d347ff6"},
    {file = "json_stream_rs_tokenizer-0.4.26-cp37-cp37m-manylinux_2_17_aarch64.manylinux2014_aarch64.whl", hash = "sha256:09fb08227eee13e876029a65ba37e9d69e466cd99617de0884ced581674aebdb"},
    {file = "json_stream_rs_tokenizer-0.4.26-cp37-cp37m-manylinux_2_17_x86_64.manylinux2014_x86_64.whl", hash = "sha256:6e7f0dae17f133385f34ded101c228e46cecdbf5edad3227cfcf686a8f2cecbe"},
    {file = "json_stream_rs_tokenizer-0.4.26-cp37-cp37m-manylinux_2_5_i686.manylinux1_i686.manylinux_2_17_i686.manylinux2014_i686.whl", hash = "sha256:e18fad1ae8a7849e2e8425d4a8ebacb59ea3dbe557da4b2e4e508b33cf4bfb32"},
    {file = "json_stream_rs_tokenizer-0.4.26-cp37-cp37m-musllinux_1_1_aarch64.whl", hash = "sha256:0978c6d165e5b4e26d6246abf1e5d0047dceb764e5d06087649ae4d68508dc5e"},
    {file = "json_stream_rs_tokenizer-0.4.26-cp37-cp37m-win32.whl", hash = "sha256:7bd2e5bd6ed803a93f2e29bb11a65f79ccf050254763991748d39f0268e73d59"},
    {file = "json_stream_rs_tokenizer-0.4.26-cp37-cp37m-win_amd64.whl", hash = "sha256:1cacf8782de679528ee6e070fcb72e51cbe037ecdad59dc98481d0bf8cb5af67"},
    {file = "json_stream_rs_tokenizer-0.4.26-cp38-cp38-macosx_10_9_x86_64.whl", hash = "sha256:a148c60ccd384c4eae404068ab3ba77a13d06270a973b69d6e78da32a4990096"},
    {file = "json_stream_rs_tokenizer-0.4.26-cp38-cp38-macosx_11_0_arm64.whl", hash = "sha256:9e683513caf2a2862f0b064accff11d91a18849f9fc8c18c11baf8b1b63c2ab9"},
    {file = "json_stream_rs_tokenizer-0.4.26-cp38-cp38-manylinux_2_17_aarch64.manylinux2014_aarch64.whl", hash = "sha256:a03a48f0eea1b84e23924da7d3d19e83d5b84ba02ba7c9e5246a05ba97051d48"},
    {file = "json_stream_rs_tokenizer-0.4.26-cp38-cp38-manylinux_2_17_x86_64.manylinux2014_x86_64.whl", hash = "sha256:c79ffffaa6101ebaa1586812746b5f4bbf64799ecf218ec23140d97cf6507392"},
    {file = "json_stream_rs_tokenizer-0.4.26-cp38-cp38-manylinux_2_5_i686.manylinux1_i686.manylinux_2_17_i686.manylinux2014_i686.whl", hash = "sha256:ca475303513e4b3650ce0471a964ac5bd9010ea0aae681bb9be23927ce76344b"},
    {file = "json_stream_rs_tokenizer-0.4.26-cp38-cp38-musllinux_1_1_aarch64.whl", hash = "sha256:594c8b727fc399214adce14a77242f481790a2fcc1c001b7cf34aea7a6fa8ad3"},
    {file = "json_stream_rs_tokenizer-0.4.26-cp38-cp38-win32.whl", hash = "sha256:24c004415764d58b121fcd8249fed55fe189415f0e3e917b235a729c0e226989"},
    {file = "json_stream_rs_tokenizer-0.4.26-cp38-cp38-win_amd64.whl", hash = "sha256:56f1816a51a4f645d9f58632cde99a0c7b601867de5c34f2a63a9bea6b9656b1"},
    {file = "json_stream_rs_tokenizer-0.4.26-cp39-cp39-macosx_10_9_x86_64.whl", hash = "sha256:9e1a4bfa55013e60c7164ec0f005af28e109581a2549ea266aea6d0c7c066a13"},
    {file = "json_stream_rs_tokenizer-0.4.26-cp39-cp39-macosx_11_0_arm64.whl", hash = "sha256:14b1d2eed8f5127f26f7247865414dea0e35536fdfb61203aefe48a1a7930b99"},
    {file = "json_stream_rs_tokenizer-0.4.26-cp39-cp39-manylinux_2_17_aarch64.manylinux2014_aarch64.whl", hash = "sha256:f2bc6fd4f978407bff1ad85a66b51eb107940232b5cfa3376bfe1568ce575bb5"},
    {file = "json_stream_rs_tokenizer-0.4.26-cp39-cp39-manylinux_2_17_x86_64.manylinux2014_x86_64.whl", hash = "sha256:393d6fca34a0df7318c845f90dbd4e23dd3b869dd3d5017ad49f0c313819708a"},
    {file = "json_stream_rs_tokenizer-0.4.26-cp39-cp39-manylinux_2_5_i686.manylinux1_i686.manylinux_2_17_i686.manylinux2014_i686.whl", hash = "sha256:31aaebd4348191cc41d14e8d446f93fd3cf74da7d97458b8a5e00b1109e5f385"},
    {file = "json_stream_rs_tokenizer-0.4.26-cp39-cp39-musllinux_1_1_aarch64.whl", hash = "sha256:6721c5011d362e9460f8b4cd319d1ac9a1c41d96ffd6891a6a21fa56649c263f"},
    {file = "json_stream_rs_tokenizer-0.4.26-cp39-cp39-win32.whl", hash = "sha256:f048722719bcb28d9cefabb9c612abdc18c619bc833a793335dcec69e9bab17e"},
    {file = "json_stream_rs_tokenizer-0.4.26-cp39-cp39-win_amd64.whl", hash = "sha256:573fc21370b3fa36ea65b3e0df5a0509d2cf797f402a3d3a643fd9f734c31f24"},
    {file = "json_stream_rs_tokenizer-0.4.26-pp310-pypy310_pp73-macosx_10_9_x86_64.whl", hash = "sha256:eab3f142d6483d822a732ad7905931d33225b5027c7cde15e66e95ff261b1c9a"},
    {file = "json_stream_rs_tokenizer-0.4.26-pp310-pypy310_pp73-manylinux_2_17_aarch64.manylinux2014_aarch64.whl", hash = "sha256:dfe4aa60ff6a73121769370ed27b9b06a2f8995864b4ca7e809fd9b3231e383b"},
    {file = "json_stream_rs_tokenizer-0.4.26-pp310-pypy310_pp73-manylinux_2_17_x86_64.manylinux2014_x86_64.whl", hash = "sha256:5b6f296f6cf8c0f2968633d626cf0caa7c0e09321dada8b830b4b3e08e938445"},
    {file = "json_stream_rs_tokenizer-0.4.26-pp310-pypy310_pp73-manylinux_2_5_i686.manylinux1_i686.manylinux_2_17_i686.manylinux2014_i686.whl", hash = "sha256:70eae6687530e26fa88a733fd154cff364d1073b9d4643dad89232f0bf2f5e67"},
    {file = "json_stream_rs_tokenizer-0.4.26-pp310-pypy310_pp73-win_amd64.whl", hash = "sha256:751fbcc0b9037144a552ca3d3943d7ede4447d85a8cf9e57479f6c55aefd010f"},
    {file = "json_stream_rs_tokenizer-0.4.26-pp37-pypy37_pp73-macosx_10_9_x86_64.whl", hash = "sha256:236f0354787a89c64e64d54166287fb602d2ad09e66e6c216a3fa931fee57491"},
    {file = "json_stream_rs_tokenizer-0.4.26-pp37-pypy37_pp73-manylinux_2_17_aarch64.manylinux2014_aarch64.whl", hash = "sha256:374b96309943543f277f1cd57c93d9ce8eb641a3aa0c40cf422f911561080eec"},
    {file = "json_stream_rs_tokenizer-0.4.26-pp37-pypy37_pp73-manylinux_2_17_x86_64.manylinux2014_x86_64.whl", hash = "sha256:d7e1409578e9c0a08528b3ab3988ce73be13aa5acea09553699471218ae43446"},
    {file = "json_stream_rs_tokenizer-0.4.26-pp37-pypy37_pp73-manylinux_2_5_i686.manylinux1_i686.manylinux_2_17_i686.manylinux2014_i686.whl", hash = "sha256:8d698c8cd29e99a41866710f738fe29d3a1d0700596939917365566352ecf590"},
    {file = "json_stream_rs_tokenizer-0.4.26-pp37-pypy37_pp73-win_amd64.whl", hash = "sha256:45cddce2b803289a21bb52e877b31ef98d8b9d7e0845d1c8ca61b4b5ed57616d"},
    {file = "json_stream_rs_tokenizer-0.4.26-pp38-pypy38_pp73-macosx_10_9_x86_64.whl", hash = "sha256:c87343153e7c588f66a4de5f890bcfb846738832c6b0702e30295080b0afb976"},
    {file = "json_stream_rs_tokenizer-0.4.26-pp38-pypy38_pp73-manylinux_2_17_aarch64.manylinux2014_aarch64.whl", hash = "sha256:a82439118ed6fedd8f10f7f0a68c926e729d7166ceb3678267ea9170f7353b2d"},
    {file = "json_stream_rs_tokenizer-0.4.26-pp38-pypy38_pp73-manylinux_2_17_x86_64.manylinux2014_x86_64.whl", hash = "sha256:878d9e646ea690344cdf69a3bea19b75b9db3c6218614abb99994580dec85053"},
    {file = "json_stream_rs_tokenizer-0.4.26-pp38-pypy38_pp73-manylinux_2_5_i686.manylinux1_i686.manylinux_2_17_i686.manylinux2014_i686.whl", hash = "sha256:77b37b1d4084b14e04f186d5b0197677848846b3bba7c61e8615fbcb4ba99e4b"},
    {file = "json_stream_rs_tokenizer-0.4.26-pp38-pypy38_pp73-win_amd64.whl", hash = "sha256:37c002dd7a1ec620ff0ae25b551dea1dead991c0c7d9c8355ad689612b1bf5a7"},
    {file = "json_stream_rs_tokenizer-0.4.26-pp39-pypy39_pp73-macosx_10_9_x86_64.whl", hash = "sha256:9db149d818f958317a118e8c20e1d98d551801c6cfe332183fa8dcd06935c4cd"},
    {file = "json_stream_rs_tokenizer-0.4.26-pp39-pypy39_pp73-manylinux_2_17_aarch64.manylinux2014_aarch64.whl", hash = "sha256:dd1378815e45613e3a815a3d57a055588ff9b96f464d418f5f32c867c2cddf3a"},
    {file = "json_stream_rs_tokenizer-0.4.26-pp39-pypy39_pp73-manylinux_2_17_x86_64.manylinux2014_x86_64.whl", hash = "sha256:f760a45099d6674e8c2c773f67c6c0364795a082f418046ef257c47d68c5c663"},
    {file = "json_stream_rs_tokenizer-0.4.26-pp39-pypy39_pp73-manylinux_2_5_i686.manylinux1_i686.manylinux_2_17_i686.manylinux2014_i686.whl", hash = "sha256:709974e142f97df5a725616b844d1c7611fcb1b64f70d5076662caf1e7f99f7a"},
    {file = "json_stream_rs_tokenizer-0.4.26-pp39-pypy39_pp73-win_amd64.whl", hash = "sha256:d130d7d5a343719e5eb236d7037b93083c083a99a154657c567bca4e41bfef86"},
]

[package.extras]
benchmark = ["contexttimer (>=0.3,<0.4)", "json-stream-to-standard-types (>=0.1,<0.2)", "si-prefix (>=1.2,<2)", "tqdm (>=4.64,<5)", "typer (>=0.6,<0.7)"]
test = ["json-stream (==2.3.2)", "json-stream-rs-tokenizer[benchmark]", "pytest (>7.1,<8)"]

[[package]]
name = "packaging"
version = "24.0"
description = "Core utilities for Python packages"
optional = false
python-versions = ">=3.7"
files = [
    {file = "packaging-24.0-py3-none-any.whl", hash = "sha256:2ddfb553fdf02fb784c234c7ba6ccc288296ceabec964ad2eae3777778130bc5"},
    {file = "packaging-24.0.tar.gz", hash = "sha256:eb82c5e3e56209074766e6885bb04b8c38a0c015d0a30036ebe7ece34c9989e9"},
]

[[package]]
name = "pluggy"
version = "1.2.0"
description = "plugin and hook calling mechanisms for python"
optional = false
python-versions = ">=3.7"
files = [
    {file = "pluggy-1.2.0-py3-none-any.whl", hash = "sha256:c2fd55a7d7a3863cba1a013e4e2414658b1d07b6bc57b3919e0c63c9abb99849"},
    {file = "pluggy-1.2.0.tar.gz", hash = "sha256:d12f0c4b579b15f5e054301bb226ee85eeeba08ffec228092f8defbaa3a4c4b3"},
]

[package.dependencies]
importlib-metadata = {version = ">=0.12", markers = "python_version < \"3.8\""}

[package.extras]
dev = ["pre-commit", "tox"]
testing = ["pytest", "pytest-benchmark"]

[[package]]
name = "psutil"
version = "5.9.8"
description = "Cross-platform lib for process and system monitoring in Python."
optional = false
python-versions = ">=2.7, !=3.0.*, !=3.1.*, !=3.2.*, !=3.3.*, !=3.4.*, !=3.5.*"
files = [
    {file = "psutil-5.9.8-cp27-cp27m-macosx_10_9_x86_64.whl", hash = "sha256:26bd09967ae00920df88e0352a91cff1a78f8d69b3ecabbfe733610c0af486c8"},
    {file = "psutil-5.9.8-cp27-cp27m-manylinux2010_i686.whl", hash = "sha256:05806de88103b25903dff19bb6692bd2e714ccf9e668d050d144012055cbca73"},
    {file = "psutil-5.9.8-cp27-cp27m-manylinux2010_x86_64.whl", hash = "sha256:611052c4bc70432ec770d5d54f64206aa7203a101ec273a0cd82418c86503bb7"},
    {file = "psutil-5.9.8-cp27-cp27mu-manylinux2010_i686.whl", hash = "sha256:50187900d73c1381ba1454cf40308c2bf6f34268518b3f36a9b663ca87e65e36"},
    {file = "psutil-5.9.8-cp27-cp27mu-manylinux2010_x86_64.whl", hash = "sha256:02615ed8c5ea222323408ceba16c60e99c3f91639b07da6373fb7e6539abc56d"},
    {file = "psutil-5.9.8-cp27-none-win32.whl", hash = "sha256:36f435891adb138ed3c9e58c6af3e2e6ca9ac2f365efe1f9cfef2794e6c93b4e"},
    {file = "psutil-5.9.8-cp27-none-win_amd64.whl", hash = "sha256:bd1184ceb3f87651a67b2708d4c3338e9b10c5df903f2e3776b62303b26cb631"},
    {file = "psutil-5.9.8-cp36-abi3-macosx_10_9_x86_64.whl", hash = "sha256:aee678c8720623dc456fa20659af736241f575d79429a0e5e9cf88ae0605cc81"},
    {file = "psutil-5.9.8-cp36-abi3-manylinux_2_12_i686.manylinux2010_i686.manylinux_2_17_i686.manylinux2014_i686.whl", hash = "sha256:8cb6403ce6d8e047495a701dc7c5bd788add903f8986d523e3e20b98b733e421"},
    {file = "psutil-5.9.8-cp36-abi3-manylinux_2_12_x86_64.manylinux2010_x86_64.manylinux_2_17_x86_64.manylinux2014_x86_64.whl", hash = "sha256:d06016f7f8625a1825ba3732081d77c94589dca78b7a3fc072194851e88461a4"},
    {file = "psutil-5.9.8-cp36-cp36m-win32.whl", hash = "sha256:7d79560ad97af658a0f6adfef8b834b53f64746d45b403f225b85c5c2c140eee"},
    {file = "psutil-5.9.8-cp36-cp36m-win_amd64.whl", hash = "sha256:27cc40c3493bb10de1be4b3f07cae4c010ce715290a5be22b98493509c6299e2"},
    {file = "psutil-5.9.8-cp37-abi3-win32.whl", hash = "sha256:bc56c2a1b0d15aa3eaa5a60c9f3f8e3e565303b465dbf57a1b730e7a2b9844e0"},
    {file = "psutil-5.9.8-cp37-abi3-win_amd64.whl", hash = "sha256:8db4c1b57507eef143a15a6884ca10f7c73876cdf5d51e713151c1236a0e68cf"},
    {file = "psutil-5.9.8-cp38-abi3-macosx_11_0_arm64.whl", hash = "sha256:d16bbddf0693323b8c6123dd804100241da461e41d6e332fb0ba6058f630f8c8"},
    {file = "psutil-5.9.8.tar.gz", hash = "sha256:6be126e3225486dff286a8fb9a06246a5253f4c7c53b475ea5f5ac934e64194c"},
]

[package.extras]
test = ["enum34", "ipaddress", "mock", "pywin32", "wmi"]

[[package]]
name = "pytest"
version = "7.4.4"
description = "pytest: simple powerful testing with Python"
optional = false
python-versions = ">=3.7"
files = [
    {file = "pytest-7.4.4-py3-none-any.whl", hash = "sha256:b090cdf5ed60bf4c45261be03239c2c1c22df034fbffe691abe93cd80cea01d8"},
    {file = "pytest-7.4.4.tar.gz", hash = "sha256:2cf0005922c6ace4a3e2ec8b4080eb0d9753fdc93107415332f50ce9e7994280"},
]

[package.dependencies]
colorama = {version = "*", markers = "sys_platform == \"win32\""}
exceptiongroup = {version = ">=1.0.0rc8", markers = "python_version < \"3.11\""}
importlib-metadata = {version = ">=0.12", markers = "python_version < \"3.8\""}
iniconfig = "*"
packaging = "*"
pluggy = ">=0.12,<2.0"
tomli = {version = ">=1.0.0", markers = "python_version < \"3.11\""}

[package.extras]
testing = ["argcomplete", "attrs (>=19.2.0)", "hypothesis (>=3.56)", "mock", "nose", "pygments (>=2.7.2)", "requests", "setuptools", "xmlschema"]

[[package]]
name = "pytest-cov"
version = "4.1.0"
description = "Pytest plugin for measuring coverage."
optional = false
python-versions = ">=3.7"
files = [
    {file = "pytest-cov-4.1.0.tar.gz", hash = "sha256:3904b13dfbfec47f003b8e77fd5b589cd11904a21ddf1ab38a64f204d6a10ef6"},
    {file = "pytest_cov-4.1.0-py3-none-any.whl", hash = "sha256:6ba70b9e97e69fcc3fb45bfeab2d0a138fb65c4d0d6a41ef33983ad114be8c3a"},
]

[package.dependencies]
coverage = {version = ">=5.2.1", extras = ["toml"]}
pytest = ">=4.6"

[package.extras]
testing = ["fields", "hunter", "process-tests", "pytest-xdist", "six", "virtualenv"]

[[package]]
name = "tomli"
version = "2.0.1"
description = "A lil' TOML parser"
optional = false
python-versions = ">=3.7"
files = [
    {file = "tomli-2.0.1-py3-none-any.whl", hash = "sha256:939de3e7a6161af0c887ef91b7d41a53e7c5a1ca976325f429cb46ea9bc30ecc"},
    {file = "tomli-2.0.1.tar.gz", hash = "sha256:de526c12914f0c550d15924c62d72abc48d6fe7364aa87328337a31007fe8a4f"},
]

[[package]]
name = "typing-extensions"
version = "4.7.1"
description = "Backported and Experimental Type Hints for Python 3.7+"
optional = false
python-versions = ">=3.7"
files = [
    {file = "typing_extensions-4.7.1-py3-none-any.whl", hash = "sha256:440d5dd3af93b060174bf433bccd69b0babc3b15b1a8dca43789fd7f61514b36"},
    {file = "typing_extensions-4.7.1.tar.gz", hash = "sha256:b75ddc264f0ba5615db7ba217daeb99701ad295353c45f9e95963337ceeeffb2"},
]

[[package]]
name = "zipp"
version = "3.15.0"
description = "Backport of pathlib-compatible object wrapper for zip files"
optional = false
python-versions = ">=3.7"
files = [
    {file = "zipp-3.15.0-py3-none-any.whl", hash = "sha256:48904fc76a60e542af151aded95726c1a5c34ed43ab4134b597665c86d7ad556"},
    {file = "zipp-3.15.0.tar.gz", hash = "sha256:112929ad649da941c23de50f356a2b5570c954b65150642bccdd66bf194d224b"},
]

[package.extras]
docs = ["furo", "jaraco.packaging (>=9)", "jaraco.tidelift (>=1.4)", "rst.linker (>=1.9)", "sphinx (>=3.5)", "sphinx-lint"]
testing = ["big-O", "flake8 (<5)", "jaraco.functools", "jaraco.itertools", "more-itertools", "pytest (>=6)", "pytest-black (>=0.3.7)", "pytest-checkdocs (>=2.4)", "pytest-cov", "pytest-enabler (>=1.3)", "pytest-flake8", "pytest-mypy (>=0.9.1)"]

[metadata]
lock-version = "2.0"
python-versions = "^3.7"
content-hash = "d8568f1d18da9006b27c5d440a02875e5b80eee225287c270b9d0f9f36cb8427"
